
Microsoft Visual Studio Solution File, Format Version 12.00
# Visual Studio Version 16
VisualStudioVersion = 16.0.33328.57
MinimumVisualStudioVersion = 10.0.40219.1
Project("{FAE04EC0-301F-11D3-BF4B-00C04F79EFBC}") = "Tutor Managment System", "Tutor Managment System.csproj", "{291E2C1F-EA14-4A59-9641-D3EB3290C099}"
EndProject
Global
	GlobalSection(SolutionConfigurationPlatforms) = preSolution
		Debug|Any CPU = Debug|Any CPU
		Release|Any CPU = Release|Any CPU
	EndGlobalSection
	GlobalSection(ProjectConfigurationPlatforms) = postSolution
		{291E2C1F-EA14-4A59-9641-D3EB3290C099}.Debug|Any CPU.ActiveCfg = Debug|Any CPU
		{291E2C1F-EA14-4A59-9641-D3EB3290C099}.Debug|Any CPU.Build.0 = Debug|Any CPU
		{291E2C1F-EA14-4A59-9641-D3EB3290C099}.Release|Any CPU.ActiveCfg = Release|Any CPU
		{291E2C1F-EA14-4A59-9641-D3EB3290C099}.Release|Any CPU.Build.0 = Release|Any CPU
	EndGlobalSection
	GlobalSection(SolutionProperties) = preSolution
		HideSolutionNode = FALSE
	EndGlobalSection
	GlobalSection(ExtensibilityGlobals) = postSolution
		SolutionGuid = {E35A7938-633F-4714-80B2-FEBC0E3A867D}
	EndGlobalSection
EndGlobal
